
Microsoft Visual Studio Solution File, Format Version 12.00
# Visual Studio 2013
VisualStudioVersion = 12.0.21005.1
MinimumVisualStudioVersion = 10.0.40219.1
Project("{FAE04EC0-301F-11D3-BF4B-00C04F79EFBC}") = "SanBongDa", "SanBongDa\SanBongDa.csproj", "{C1ADB373-EDE8-45F2-B38E-1A6C36D5F563}"
EndProject
Project("{FAE04EC0-301F-11D3-BF4B-00C04F79EFBC}") = "SanBongDa.Tests", "SanBongDa.Tests\SanBongDa.Tests.csproj", "{F4E2A60D-2556-4D84-9E25-F4EBDFF9F0CC}"
EndProject
Project("{FAE04EC0-301F-11D3-BF4B-00C04F79EFBC}") = "Model", "Model\Model.csproj", "{9C712F53-3E1D-4597-A0E1-5B05BF02E01F}"
EndProject
Global
	GlobalSection(SolutionConfigurationPlatforms) = preSolution
		Debug|Any CPU = Debug|Any CPU
		Release|Any CPU = Release|Any CPU
	EndGlobalSection
	GlobalSection(ProjectConfigurationPlatforms) = postSolution
		{C1ADB373-EDE8-45F2-B38E-1A6C36D5F563}.Debug|Any CPU.ActiveCfg = Debug|Any CPU
		{C1ADB373-EDE8-45F2-B38E-1A6C36D5F563}.Debug|Any CPU.Build.0 = Debug|Any CPU
		{C1ADB373-EDE8-45F2-B38E-1A6C36D5F563}.Release|Any CPU.ActiveCfg = Release|Any CPU
		{C1ADB373-EDE8-45F2-B38E-1A6C36D5F563}.Release|Any CPU.Build.0 = Release|Any CPU
		{F4E2A60D-2556-4D84-9E25-F4EBDFF9F0CC}.Debug|Any CPU.ActiveCfg = Debug|Any CPU
		{F4E2A60D-2556-4D84-9E25-F4EBDFF9F0CC}.Debug|Any CPU.Build.0 = Debug|Any CPU
		{F4E2A60D-2556-4D84-9E25-F4EBDFF9F0CC}.Release|Any CPU.ActiveCfg = Release|Any CPU
		{F4E2A60D-2556-4D84-9E25-F4EBDFF9F0CC}.Release|Any CPU.Build.0 = Release|Any CPU
		{9C712F53-3E1D-4597-A0E1-5B05BF02E01F}.Debug|Any CPU.ActiveCfg = Debug|Any CPU
		{9C712F53-3E1D-4597-A0E1-5B05BF02E01F}.Debug|Any CPU.Build.0 = Debug|Any CPU
		{9C712F53-3E1D-4597-A0E1-5B05BF02E01F}.Release|Any CPU.ActiveCfg = Release|Any CPU
		{9C712F53-3E1D-4597-A0E1-5B05BF02E01F}.Release|Any CPU.Build.0 = Release|Any CPU
	EndGlobalSection
	GlobalSection(SolutionProperties) = preSolution
		HideSolutionNode = FALSE
	EndGlobalSection
EndGlobal
